// !$*UTF8*$!
{
	archiveVersion = 1;
	classes = {
	};
	objectVersion = 46;
	objects = {

/* Begin PBXBuildFile section */
		185DD02F1E09D83B0014CB12 /* ShapeGenerator.cpp in Sources */ = {isa = PBXBuildFile; fileRef = 185DD02D1E09D83B0014CB12 /* ShapeGenerator.cpp */; };
		1874D45D1E20218200643E12 /* Camera.cpp in Sources */ = {isa = PBXBuildFile; fileRef = 1874D45B1E20218200643E12 /* Camera.cpp */; };
		18B081E01E06826A00669944 /* main.cpp in Sources */ = {isa = PBXBuildFile; fileRef = 18B081DF1E06826A00669944 /* main.cpp */; };
		18B081FB1E068CB000669944 /* libGLEW.2.0.0.dylib in Frameworks */ = {isa = PBXBuildFile; fileRef = 18B081FA1E068CB000669944 /* libGLEW.2.0.0.dylib */; };
		18B082051E0693AC00669944 /* QtCore.framework in Frameworks */ = {isa = PBXBuildFile; fileRef = 18B082021E0693AC00669944 /* QtCore.framework */; };
		18B082061E0693AC00669944 /* QtGui.framework in Frameworks */ = {isa = PBXBuildFile; fileRef = 18B082031E0693AC00669944 /* QtGui.framework */; };
		18B082071E0693AC00669944 /* QtWidgets.framework in Frameworks */ = {isa = PBXBuildFile; fileRef = 18B082041E0693AC00669944 /* QtWidgets.framework */; };
		18B0820B1E06947600669944 /* GlWindow.cpp in Sources */ = {isa = PBXBuildFile; fileRef = 18B082091E06947600669944 /* GlWindow.cpp */; };
		18B0820D1E0694A400669944 /* QtOpenGL.framework in Frameworks */ = {isa = PBXBuildFile; fileRef = 18B0820C1E0694A400669944 /* QtOpenGL.framework */; };
		18B0820F1E069AB800669944 /* OpenGL.framework in Frameworks */ = {isa = PBXBuildFile; fileRef = 18B0820E1E069AB800669944 /* OpenGL.framework */; };
		18B082111E07051D00669944 /* res in CopyFiles */ = {isa = PBXBuildFile; fileRef = 18B082101E07051100669944 /* res */; };
		18E586211E1CF52000D74E20 /* main.cpp in Sources */ = {isa = PBXBuildFile; fileRef = 18E586201E1CF52000D74E20 /* main.cpp */; };
		18E586261E1CF54D00D74E20 /* libgtest.a in Frameworks */ = {isa = PBXBuildFile; fileRef = 18E586251E1CF54D00D74E20 /* libgtest.a */; };
		18E586281E1CF64D00D74E20 /* StructTest.cpp in Sources */ = {isa = PBXBuildFile; fileRef = 18E586271E1CF64D00D74E20 /* StructTest.cpp */; };
/* End PBXBuildFile section */

/* Begin PBXCopyFilesBuildPhase section */
		18B081DA1E06826A00669944 /* CopyFiles */ = {
			isa = PBXCopyFilesBuildPhase;
			buildActionMask = 12;
			dstPath = "";
			dstSubfolderSpec = 16;
			files = (
				18B082111E07051D00669944 /* res in CopyFiles */,
			);
			runOnlyForDeploymentPostprocessing = 0;
		};
		18E5861C1E1CF52000D74E20 /* CopyFiles */ = {
			isa = PBXCopyFilesBuildPhase;
			buildActionMask = 2147483647;
			dstPath = /usr/share/man/man1/;
			dstSubfolderSpec = 0;
			files = (
			);
			runOnlyForDeploymentPostprocessing = 1;
		};
/* End PBXCopyFilesBuildPhase section */

/* Begin PBXFileReference section */
		185DD02B1E09D59E0014CB12 /* Vertex.h */ = {isa = PBXFileReference; fileEncoding = 4; lastKnownFileType = sourcecode.c.h; path = Vertex.h; sourceTree = "<group>"; };
		185DD02C1E09D6360014CB12 /* ShapeData.h */ = {isa = PBXFileReference; fileEncoding = 4; lastKnownFileType = sourcecode.c.h; path = ShapeData.h; sourceTree = "<group>"; };
		185DD02D1E09D83B0014CB12 /* ShapeGenerator.cpp */ = {isa = PBXFileReference; fileEncoding = 4; lastKnownFileType = sourcecode.cpp.cpp; path = ShapeGenerator.cpp; sourceTree = "<group>"; };
		185DD02E1E09D83B0014CB12 /* ShapeGenerator.hpp */ = {isa = PBXFileReference; fileEncoding = 4; lastKnownFileType = sourcecode.cpp.h; path = ShapeGenerator.hpp; sourceTree = "<group>"; };
		1874D45B1E20218200643E12 /* Camera.cpp */ = {isa = PBXFileReference; fileEncoding = 4; lastKnownFileType = sourcecode.cpp.cpp; path = Camera.cpp; sourceTree = "<group>"; };
		1874D45C1E20218200643E12 /* Camera.hpp */ = {isa = PBXFileReference; fileEncoding = 4; lastKnownFileType = sourcecode.cpp.h; path = Camera.hpp; sourceTree = "<group>"; };
		1874D45E1E21365400643E12 /* TeapotData.h */ = {isa = PBXFileReference; fileEncoding = 4; lastKnownFileType = sourcecode.c.h; path = TeapotData.h; sourceTree = "<group>"; };
		18B081DC1E06826A00669944 /* openGL_qt */ = {isa = PBXFileReference; explicitFileType = "compiled.mach-o.executable"; includeInIndex = 0; path = openGL_qt; sourceTree = BUILT_PRODUCTS_DIR; };
		18B081DF1E06826A00669944 /* main.cpp */ = {isa = PBXFileReference; lastKnownFileType = sourcecode.cpp.cpp; path = main.cpp; sourceTree = "<group>"; };
		18B081FA1E068CB000669944 /* libGLEW.2.0.0.dylib */ = {isa = PBXFileReference; lastKnownFileType = "compiled.mach-o.dylib"; name = libGLEW.2.0.0.dylib; path = ../../../../../usr/local/Cellar/glew/2.0.0/lib/libGLEW.2.0.0.dylib; sourceTree = "<group>"; };
		18B082021E0693AC00669944 /* QtCore.framework */ = {isa = PBXFileReference; lastKnownFileType = wrapper.framework; name = QtCore.framework; path = "../../../../../usr/local/Cellar/qt@5.5/5.5.1/lib/QtCore.framework"; sourceTree = "<group>"; };
		18B082031E0693AC00669944 /* QtGui.framework */ = {isa = PBXFileReference; lastKnownFileType = wrapper.framework; name = QtGui.framework; path = "../../../../../usr/local/Cellar/qt@5.5/5.5.1/lib/QtGui.framework"; sourceTree = "<group>"; };
		18B082041E0693AC00669944 /* QtWidgets.framework */ = {isa = PBXFileReference; lastKnownFileType = wrapper.framework; name = QtWidgets.framework; path = "../../../../../usr/local/Cellar/qt@5.5/5.5.1/lib/QtWidgets.framework"; sourceTree = "<group>"; };
		18B082091E06947600669944 /* GlWindow.cpp */ = {isa = PBXFileReference; fileEncoding = 4; lastKnownFileType = sourcecode.cpp.cpp; path = GlWindow.cpp; sourceTree = "<group>"; };
		18B0820A1E06947600669944 /* GlWindow.hpp */ = {isa = PBXFileReference; fileEncoding = 4; lastKnownFileType = sourcecode.cpp.h; path = GlWindow.hpp; sourceTree = "<group>"; };
		18B0820C1E0694A400669944 /* QtOpenGL.framework */ = {isa = PBXFileReference; lastKnownFileType = wrapper.framework; name = QtOpenGL.framework; path = "../../../../../usr/local/Cellar/qt@5.5/5.5.1/lib/QtOpenGL.framework"; sourceTree = "<group>"; };
		18B0820E1E069AB800669944 /* OpenGL.framework */ = {isa = PBXFileReference; lastKnownFileType = wrapper.framework; name = OpenGL.framework; path = System/Library/Frameworks/OpenGL.framework; sourceTree = SDKROOT; };
		18B082101E07051100669944 /* res */ = {isa = PBXFileReference; lastKnownFileType = folder; path = res; sourceTree = "<group>"; };
		18E5861E1E1CF52000D74E20 /* OpenGL_QT_Tests */ = {isa = PBXFileReference; explicitFileType = "compiled.mach-o.executable"; includeInIndex = 0; path = OpenGL_QT_Tests; sourceTree = BUILT_PRODUCTS_DIR; };
		18E586201E1CF52000D74E20 /* main.cpp */ = {isa = PBXFileReference; lastKnownFileType = sourcecode.cpp.cpp; path = main.cpp; sourceTree = "<group>"; };
		18E586251E1CF54D00D74E20 /* libgtest.a */ = {isa = PBXFileReference; lastKnownFileType = archive.ar; name = libgtest.a; path = ../../../../../usr/local/Cellar/gtest/libgtest.a; sourceTree = "<group>"; };
		18E586271E1CF64D00D74E20 /* StructTest.cpp */ = {isa = PBXFileReference; fileEncoding = 4; lastKnownFileType = sourcecode.cpp.cpp; path = StructTest.cpp; sourceTree = "<group>"; };
/* End PBXFileReference section */

/* Begin PBXFrameworksBuildPhase section */
		18B081D91E06826A00669944 /* Frameworks */ = {
			isa = PBXFrameworksBuildPhase;
			buildActionMask = 2147483647;
			files = (
				18B0820F1E069AB800669944 /* OpenGL.framework in Frameworks */,
				18B0820D1E0694A400669944 /* QtOpenGL.framework in Frameworks */,
				18B082051E0693AC00669944 /* QtCore.framework in Frameworks */,
				18B082061E0693AC00669944 /* QtGui.framework in Frameworks */,
				18B082071E0693AC00669944 /* QtWidgets.framework in Frameworks */,
				18B081FB1E068CB000669944 /* libGLEW.2.0.0.dylib in Frameworks */,
			);
			runOnlyForDeploymentPostprocessing = 0;
		};
		18E5861B1E1CF52000D74E20 /* Frameworks */ = {
			isa = PBXFrameworksBuildPhase;
			buildActionMask = 2147483647;
			files = (
				18E586261E1CF54D00D74E20 /* libgtest.a in Frameworks */,
			);
			runOnlyForDeploymentPostprocessing = 0;
		};
/* End PBXFrameworksBuildPhase section */

/* Begin PBXGroup section */
		185DD02A1E09D5720014CB12 /* Primitives */ = {
			isa = PBXGroup;
			children = (
				185DD02B1E09D59E0014CB12 /* Vertex.h */,
				185DD02C1E09D6360014CB12 /* ShapeData.h */,
				185DD02D1E09D83B0014CB12 /* ShapeGenerator.cpp */,
				185DD02E1E09D83B0014CB12 /* ShapeGenerator.hpp */,
				1874D45E1E21365400643E12 /* TeapotData.h */,
			);
			name = Primitives;
			sourceTree = "<group>";
		};
		18B081D31E06826A00669944 = {
			isa = PBXGroup;
			children = (
				18B081DE1E06826A00669944 /* openGL_qt */,
				18E5861F1E1CF52000D74E20 /* OpenGL_QT_Tests */,
				18B081DD1E06826A00669944 /* Products */,
				18B081E61E06861000669944 /* Frameworks */,
			);
			sourceTree = "<group>";
		};
		18B081DD1E06826A00669944 /* Products */ = {
			isa = PBXGroup;
			children = (
				18B081DC1E06826A00669944 /* openGL_qt */,
				18E5861E1E1CF52000D74E20 /* OpenGL_QT_Tests */,
			);
			name = Products;
			sourceTree = "<group>";
		};
		18B081DE1E06826A00669944 /* openGL_qt */ = {
			isa = PBXGroup;
			children = (
				18B082101E07051100669944 /* res */,
				18B082081E06946200669944 /* src */,
				18B081DF1E06826A00669944 /* main.cpp */,
			);
			path = openGL_qt;
			sourceTree = "<group>";
		};
		18B081E61E06861000669944 /* Frameworks */ = {
			isa = PBXGroup;
			children = (
				18E586251E1CF54D00D74E20 /* libgtest.a */,
				18B0820E1E069AB800669944 /* OpenGL.framework */,
				18B0820C1E0694A400669944 /* QtOpenGL.framework */,
				18B082021E0693AC00669944 /* QtCore.framework */,
				18B082031E0693AC00669944 /* QtGui.framework */,
				18B082041E0693AC00669944 /* QtWidgets.framework */,
				18B081FA1E068CB000669944 /* libGLEW.2.0.0.dylib */,
			);
			name = Frameworks;
			sourceTree = "<group>";
		};
		18B082081E06946200669944 /* src */ = {
			isa = PBXGroup;
			children = (
				185DD02A1E09D5720014CB12 /* Primitives */,
				18B082091E06947600669944 /* GlWindow.cpp */,
				18B0820A1E06947600669944 /* GlWindow.hpp */,
				1874D45B1E20218200643E12 /* Camera.cpp */,
				1874D45C1E20218200643E12 /* Camera.hpp */,
			);
			name = src;
			sourceTree = "<group>";
		};
		18E5861F1E1CF52000D74E20 /* OpenGL_QT_Tests */ = {
			isa = PBXGroup;
			children = (
				18E586201E1CF52000D74E20 /* main.cpp */,
				18E586271E1CF64D00D74E20 /* StructTest.cpp */,
			);
			path = OpenGL_QT_Tests;
			sourceTree = "<group>";
		};
/* End PBXGroup section */

/* Begin PBXNativeTarget section */
		18B081DB1E06826A00669944 /* openGL_qt */ = {
			isa = PBXNativeTarget;
			buildConfigurationList = 18B081E31E06826A00669944 /* Build configuration list for PBXNativeTarget "openGL_qt" */;
			buildPhases = (
				18B081D81E06826A00669944 /* Sources */,
				18B081D91E06826A00669944 /* Frameworks */,
				18B081DA1E06826A00669944 /* CopyFiles */,
			);
			buildRules = (
			);
			dependencies = (
			);
			name = openGL_qt;
			productName = openGL_qt;
			productReference = 18B081DC1E06826A00669944 /* openGL_qt */;
			productType = "com.apple.product-type.tool";
		};
		18E5861D1E1CF52000D74E20 /* OpenGL_QT_Tests */ = {
			isa = PBXNativeTarget;
			buildConfigurationList = 18E586241E1CF52000D74E20 /* Build configuration list for PBXNativeTarget "OpenGL_QT_Tests" */;
			buildPhases = (
				18E5861A1E1CF52000D74E20 /* Sources */,
				18E5861B1E1CF52000D74E20 /* Frameworks */,
				18E5861C1E1CF52000D74E20 /* CopyFiles */,
			);
			buildRules = (
			);
			dependencies = (
			);
			name = OpenGL_QT_Tests;
			productName = OpenGL_QT_Tests;
			productReference = 18E5861E1E1CF52000D74E20 /* OpenGL_QT_Tests */;
			productType = "com.apple.product-type.tool";
		};
/* End PBXNativeTarget section */

/* Begin PBXProject section */
		18B081D41E06826A00669944 /* Project object */ = {
			isa = PBXProject;
			attributes = {
				LastUpgradeCheck = 0810;
				ORGANIZATIONNAME = apple;
				TargetAttributes = {
					18B081DB1E06826A00669944 = {
						CreatedOnToolsVersion = 8.1;
						ProvisioningStyle = Automatic;
					};
					18E5861D1E1CF52000D74E20 = {
						CreatedOnToolsVersion = 8.1;
						ProvisioningStyle = Automatic;
					};
				};
			};
			buildConfigurationList = 18B081D71E06826A00669944 /* Build configuration list for PBXProject "openGL_qt" */;
			compatibilityVersion = "Xcode 3.2";
			developmentRegion = English;
			hasScannedForEncodings = 0;
			knownRegions = (
				en,
			);
			mainGroup = 18B081D31E06826A00669944;
			productRefGroup = 18B081DD1E06826A00669944 /* Products */;
			projectDirPath = "";
			projectRoot = "";
			targets = (
				18B081DB1E06826A00669944 /* openGL_qt */,
				18E5861D1E1CF52000D74E20 /* OpenGL_QT_Tests */,
			);
		};
/* End PBXProject section */

/* Begin PBXSourcesBuildPhase section */
		18B081D81E06826A00669944 /* Sources */ = {
			isa = PBXSourcesBuildPhase;
			buildActionMask = 2147483647;
			files = (
				1874D45D1E20218200643E12 /* Camera.cpp in Sources */,
				185DD02F1E09D83B0014CB12 /* ShapeGenerator.cpp in Sources */,
				18B0820B1E06947600669944 /* GlWindow.cpp in Sources */,
				18B081E01E06826A00669944 /* main.cpp in Sources */,
			);
			runOnlyForDeploymentPostprocessing = 0;
		};
		18E5861A1E1CF52000D74E20 /* Sources */ = {
			isa = PBXSourcesBuildPhase;
			buildActionMask = 2147483647;
			files = (
				18E586281E1CF64D00D74E20 /* StructTest.cpp in Sources */,
				18E586211E1CF52000D74E20 /* main.cpp in Sources */,
			);
			runOnlyForDeploymentPostprocessing = 0;
		};
/* End PBXSourcesBuildPhase section */

/* Begin XCBuildConfiguration section */
		18B081E11E06826A00669944 /* Debug */ = {
			isa = XCBuildConfiguration;
			buildSettings = {
				ALWAYS_SEARCH_USER_PATHS = NO;
				CLANG_ANALYZER_NONNULL = YES;
				CLANG_CXX_LANGUAGE_STANDARD = "gnu++0x";
				CLANG_CXX_LIBRARY = "libc++";
				CLANG_ENABLE_MODULES = YES;
				CLANG_ENABLE_OBJC_ARC = YES;
				CLANG_WARN_BOOL_CONVERSION = YES;
				CLANG_WARN_CONSTANT_CONVERSION = YES;
				CLANG_WARN_DIRECT_OBJC_ISA_USAGE = YES_ERROR;
				CLANG_WARN_DOCUMENTATION_COMMENTS = YES;
				CLANG_WARN_EMPTY_BODY = YES;
				CLANG_WARN_ENUM_CONVERSION = YES;
				CLANG_WARN_INFINITE_RECURSION = YES;
				CLANG_WARN_INT_CONVERSION = YES;
				CLANG_WARN_OBJC_ROOT_CLASS = YES_ERROR;
				CLANG_WARN_SUSPICIOUS_MOVES = YES;
				CLANG_WARN_UNREACHABLE_CODE = YES;
				CLANG_WARN__DUPLICATE_METHOD_MATCH = YES;
				CODE_SIGN_IDENTITY = "-";
				COPY_PHASE_STRIP = NO;
				DEBUG_INFORMATION_FORMAT = dwarf;
				ENABLE_STRICT_OBJC_MSGSEND = YES;
				ENABLE_TESTABILITY = YES;
				GCC_C_LANGUAGE_STANDARD = gnu99;
				GCC_DYNAMIC_NO_PIC = NO;
				GCC_NO_COMMON_BLOCKS = YES;
				GCC_OPTIMIZATION_LEVEL = 0;
				GCC_PREPROCESSOR_DEFINITIONS = (
					"DEBUG=1",
					"$(inherited)",
				);
				GCC_WARN_64_TO_32_BIT_CONVERSION = YES;
				GCC_WARN_ABOUT_RETURN_TYPE = YES_ERROR;
				GCC_WARN_UNDECLARED_SELECTOR = YES;
				GCC_WARN_UNINITIALIZED_AUTOS = YES_AGGRESSIVE;
				GCC_WARN_UNUSED_FUNCTION = YES;
				GCC_WARN_UNUSED_VARIABLE = YES;
				MACOSX_DEPLOYMENT_TARGET = 10.12;
				MTL_ENABLE_DEBUG_INFO = YES;
				ONLY_ACTIVE_ARCH = YES;
				SDKROOT = macosx;
			};
			name = Debug;
		};
		18B081E21E06826A00669944 /* Release */ = {
			isa = XCBuildConfiguration;
			buildSettings = {
				ALWAYS_SEARCH_USER_PATHS = NO;
				CLANG_ANALYZER_NONNULL = YES;
				CLANG_CXX_LANGUAGE_STANDARD = "gnu++0x";
				CLANG_CXX_LIBRARY = "libc++";
				CLANG_ENABLE_MODULES = YES;
				CLANG_ENABLE_OBJC_ARC = YES;
				CLANG_WARN_BOOL_CONVERSION = YES;
				CLANG_WARN_CONSTANT_CONVERSION = YES;
				CLANG_WARN_DIRECT_OBJC_ISA_USAGE = YES_ERROR;
				CLANG_WARN_DOCUMENTATION_COMMENTS = YES;
				CLANG_WARN_EMPTY_BODY = YES;
				CLANG_WARN_ENUM_CONVERSION = YES;
				CLANG_WARN_INFINITE_RECURSION = YES;
				CLANG_WARN_INT_CONVERSION = YES;
				CLANG_WARN_OBJC_ROOT_CLASS = YES_ERROR;
				CLANG_WARN_SUSPICIOUS_MOVES = YES;
				CLANG_WARN_UNREACHABLE_CODE = YES;
				CLANG_WARN__DUPLICATE_METHOD_MATCH = YES;
				CODE_SIGN_IDENTITY = "-";
				COPY_PHASE_STRIP = NO;
				DEBUG_INFORMATION_FORMAT = "dwarf-with-dsym";
				ENABLE_NS_ASSERTIONS = NO;
				ENABLE_STRICT_OBJC_MSGSEND = YES;
				GCC_C_LANGUAGE_STANDARD = gnu99;
				GCC_NO_COMMON_BLOCKS = YES;
				GCC_WARN_64_TO_32_BIT_CONVERSION = YES;
				GCC_WARN_ABOUT_RETURN_TYPE = YES_ERROR;
				GCC_WARN_UNDECLARED_SELECTOR = YES;
				GCC_WARN_UNINITIALIZED_AUTOS = YES_AGGRESSIVE;
				GCC_WARN_UNUSED_FUNCTION = YES;
				GCC_WARN_UNUSED_VARIABLE = YES;
				MACOSX_DEPLOYMENT_TARGET = 10.12;
				MTL_ENABLE_DEBUG_INFO = NO;
				SDKROOT = macosx;
			};
			name = Release;
		};
		18B081E41E06826A00669944 /* Debug */ = {
			isa = XCBuildConfiguration;
			buildSettings = {
				FRAMEWORK_SEARCH_PATHS = "/usr/local/Cellar/qt@5.5/5.5.1/lib";
				HEADER_SEARCH_PATHS = (
					/usr/local/include,
					/usr/local/Cellar/glm/0.9.8.3/include,
				);
				LIBRARY_SEARCH_PATHS = (
					"$(inherited)",
					/usr/local/Cellar/glew/2.0.0/lib,
				);
				PRODUCT_NAME = "$(TARGET_NAME)";
			};
			name = Debug;
		};
		18B081E51E06826A00669944 /* Release */ = {
			isa = XCBuildConfiguration;
			buildSettings = {
				FRAMEWORK_SEARCH_PATHS = "/usr/local/Cellar/qt@5.5/5.5.1/lib";
				HEADER_SEARCH_PATHS = (
					/usr/local/include,
					/usr/local/Cellar/glm/0.9.8.3/include,
				);
				LIBRARY_SEARCH_PATHS = (
					"$(inherited)",
					/usr/local/Cellar/glew/2.0.0/lib,
				);
				PRODUCT_NAME = "$(TARGET_NAME)";
			};
			name = Release;
		};
		18E586221E1CF52000D74E20 /* Debug */ = {
			isa = XCBuildConfiguration;
			buildSettings = {
				HEADER_SEARCH_PATHS = (
					/usr/local/include,
					/usr/local/Cellar/glm/0.9.8.3/include,
				);
				LIBRARY_SEARCH_PATHS = (
					"$(inherited)",
					/usr/local/Cellar/gtest,
				);
				PRODUCT_NAME = "$(TARGET_NAME)";
			};
			name = Debug;
		};
		18E586231E1CF52000D74E20 /* Release */ = {
			isa = XCBuildConfiguration;
			buildSettings = {
				HEADER_SEARCH_PATHS = (
					/usr/local/include,
					/usr/local/Cellar/glm/0.9.8.3/include,
				);
				LIBRARY_SEARCH_PATHS = (
					"$(inherited)",
					/usr/local/Cellar/gtest,
				);
				PRODUCT_NAME = "$(TARGET_NAME)";
			};
			name = Release;
		};
/* End XCBuildConfiguration section */

/* Begin XCConfigurationList section */
		18B081D71E06826A00669944 /* Build configuration list for PBXProject "openGL_qt" */ = {
			isa = XCConfigurationList;
			buildConfigurations = (
				18B081E11E06826A00669944 /* Debug */,
				18B081E21E06826A00669944 /* Release */,
			);
			defaultConfigurationIsVisible = 0;
			defaultConfigurationName = Release;
		};
		18B081E31E06826A00669944 /* Build configuration list for PBXNativeTarget "openGL_qt" */ = {
			isa = XCConfigurationList;
			buildConfigurations = (
				18B081E41E06826A00669944 /* Debug */,
				18B081E51E06826A00669944 /* Release */,
			);
			defaultConfigurationIsVisible = 0;
			defaultConfigurationName = Release;
		};
		18E586241E1CF52000D74E20 /* Build configuration list for PBXNativeTarget "OpenGL_QT_Tests" */ = {
			isa = XCConfigurationList;
			buildConfigurations = (
				18E586221E1CF52000D74E20 /* Debug */,
				18E586231E1CF52000D74E20 /* Release */,
			);
			defaultConfigurationIsVisible = 0;
			defaultConfigurationName = Release;
		};
/* End XCConfigurationList section */
	};
	rootObject = 18B081D41E06826A00669944 /* Project object */;
}
